# THIS IS AN AUTOGENERATED FILE. DO NOT EDIT THIS FILE DIRECTLY.
# yarn lockfile v1


"@polymer/app-layout@^3.0.0-pre.18":
  version "3.0.0-pre.19"
  resolved "https://registry.yarnpkg.com/@polymer/app-layout/-/app-layout-3.0.0-pre.19.tgz#76b0ace980fa3033ffa4810b931a58d29fc48b33"
  dependencies:
    "@polymer/iron-flex-layout" "^3.0.0-pre.19"
    "@polymer/iron-media-query" "^3.0.0-pre.19"
    "@polymer/iron-resizable-behavior" "^3.0.0-pre.19"
    "@polymer/iron-scroll-target-behavior" "^3.0.0-pre.19"
    "@polymer/polymer" "^3.0.0"

"@polymer/font-roboto@^3.0.0-pre.18", "@polymer/font-roboto@^3.0.0-pre.19":
  version "3.0.0-pre.19"
  resolved "https://registry.yarnpkg.com/@polymer/font-roboto/-/font-roboto-3.0.0-pre.19.tgz#d67384a000eebb2632c00c268182a8528aca4a7c"

"@polymer/iron-a11y-announcer@^3.0.0-pre.15", "@polymer/iron-a11y-announcer@^3.0.0-pre.19":
  version "3.0.0-pre.19"
  resolved "https://registry.yarnpkg.com/@polymer/iron-a11y-announcer/-/iron-a11y-announcer-3.0.0-pre.19.tgz#6a3b724df1e1cfda6f1270c359136d3e55ed7363"
  dependencies:
    "@polymer/polymer" "^3.0.0"

"@polymer/iron-a11y-keys-behavior@^3.0.0-pre.15", "@polymer/iron-a11y-keys-behavior@^3.0.0-pre.19":
  version "3.0.0-pre.19"
  resolved "https://registry.yarnpkg.com/@polymer/iron-a11y-keys-behavior/-/iron-a11y-keys-behavior-3.0.0-pre.19.tgz#4a335111c773af9c4376237be483ee196ab2d966"
  dependencies:
    "@polymer/polymer" "^3.0.0"

"@polymer/iron-ajax@^3.0.0-pre.18":
  version "3.0.0-pre.19"
  resolved "https://registry.yarnpkg.com/@polymer/iron-ajax/-/iron-ajax-3.0.0-pre.19.tgz#da36f24a67f609d741a7827e13b2789c81d8c8eb"
  dependencies:
    "@polymer/polymer" "^3.0.0"

"@polymer/iron-autogrow-textarea@^3.0.0-pre.19":
  version "3.0.0-pre.19"
  resolved "https://registry.yarnpkg.com/@polymer/iron-autogrow-textarea/-/iron-autogrow-textarea-3.0.0-pre.19.tgz#968f421aafd098fd29167423b893427b63d9ac21"
  dependencies:
    "@polymer/iron-behaviors" "^3.0.0-pre.19"
    "@polymer/iron-flex-layout" "^3.0.0-pre.19"
    "@polymer/iron-validatable-behavior" "^3.0.0-pre.19"
    "@polymer/polymer" "^3.0.0"

"@polymer/iron-behaviors@^3.0.0-pre.19":
  version "3.0.0-pre.19"
  resolved "https://registry.yarnpkg.com/@polymer/iron-behaviors/-/iron-behaviors-3.0.0-pre.19.tgz#0f44cf7068f9d581b896980f18556706ea0c6eaa"
  dependencies:
    "@polymer/iron-a11y-keys-behavior" "^3.0.0-pre.19"
    "@polymer/polymer" "^3.0.0"

"@polymer/iron-checked-element-behavior@^3.0.0-pre.19":
  version "3.0.0-pre.19"
  resolved "https://registry.yarnpkg.com/@polymer/iron-checked-element-behavior/-/iron-checked-element-behavior-3.0.0-pre.19.tgz#c79c8529c7bddf8b3fc5da1e81c938a286e424aa"
  dependencies:
    "@polymer/iron-form-element-behavior" "^3.0.0-pre.19"
    "@polymer/iron-validatable-behavior" "^3.0.0-pre.19"
    "@polymer/polymer" "^3.0.0"

"@polymer/iron-dropdown@^3.0.0-pre.19":
  version "3.0.0-pre.19"
  resolved "https://registry.yarnpkg.com/@polymer/iron-dropdown/-/iron-dropdown-3.0.0-pre.19.tgz#3eba81167782e6b05d9897467f75b52a8e9dd5e1"
  dependencies:
    "@polymer/iron-behaviors" "^3.0.0-pre.19"
    "@polymer/iron-overlay-behavior" "^3.0.0-pre.19"
    "@polymer/neon-animation" "^3.0.0-pre.19"
    "@polymer/polymer" "^3.0.0"

"@polymer/iron-fit-behavior@^3.0.0-pre.19":
  version "3.0.0-pre.19"
  resolved "https://registry.yarnpkg.com/@polymer/iron-fit-behavior/-/iron-fit-behavior-3.0.0-pre.19.tgz#db53546ccd0a9f2861326ff4a2f15387a648f796"
  dependencies:
    "@polymer/polymer" "^3.0.0"

"@polymer/iron-flex-layout@^3.0.0-pre.18", "@polymer/iron-flex-layout@^3.0.0-pre.19":
  version "3.0.0-pre.19"
  resolved "https://registry.yarnpkg.com/@polymer/iron-flex-layout/-/iron-flex-layout-3.0.0-pre.19.tgz#35f633ab4d4e14e44650722729128e4f5968c1e9"
  dependencies:
    "@polymer/polymer" "^3.0.0"

"@polymer/iron-form-element-behavior@^3.0.0-pre.19":
  version "3.0.0-pre.19"
  resolved "https://registry.yarnpkg.com/@polymer/iron-form-element-behavior/-/iron-form-element-behavior-3.0.0-pre.19.tgz#0fee7892af6a79cea7ef7ef1c7f738ac9f916ec6"
  dependencies:
    "@polymer/polymer" "^3.0.0"

"@polymer/iron-icon@^3.0.0-pre.15", "@polymer/iron-icon@^3.0.0-pre.18", "@polymer/iron-icon@^3.0.0-pre.19":
  version "3.0.0-pre.19"
  resolved "https://registry.yarnpkg.com/@polymer/iron-icon/-/iron-icon-3.0.0-pre.19.tgz#8fd150463a36d3851b2b71802ebc22d48dbfa340"
  dependencies:
    "@polymer/iron-flex-layout" "^3.0.0-pre.19"
    "@polymer/iron-meta" "^3.0.0-pre.19"
    "@polymer/polymer" "^3.0.0"

"@polymer/iron-icons@^3.0.0-pre.18":
  version "3.0.0-pre.19"
  resolved "https://registry.yarnpkg.com/@polymer/iron-icons/-/iron-icons-3.0.0-pre.19.tgz#850151d172fe8a5833efac150a018d9d5f464779"
  dependencies:
    "@polymer/iron-icon" "^3.0.0-pre.19"
    "@polymer/iron-iconset-svg" "^3.0.0-pre.19"
    "@polymer/polymer" "^3.0.0"

"@polymer/iron-iconset-svg@^3.0.0-pre.15", "@polymer/iron-iconset-svg@^3.0.0-pre.18", "@polymer/iron-iconset-svg@^3.0.0-pre.19":
  version "3.0.0-pre.19"
  resolved "https://registry.yarnpkg.com/@polymer/iron-iconset-svg/-/iron-iconset-svg-3.0.0-pre.19.tgz#9badb0df72ade7f011e60917ef3274019006cfd0"
  dependencies:
    "@polymer/iron-meta" "^3.0.0-pre.19"
    "@polymer/polymer" "^3.0.0"

"@polymer/iron-image@^3.0.0-pre.19":
  version "3.0.0-pre.19"
  resolved "https://registry.yarnpkg.com/@polymer/iron-image/-/iron-image-3.0.0-pre.19.tgz#3796518331eec96d0b01c0e3c37aaa3edc168850"
  dependencies:
    "@polymer/polymer" "^3.0.0"

"@polymer/iron-input@^3.0.0-pre.19":
  version "3.0.0-pre.19"
  resolved "https://registry.yarnpkg.com/@polymer/iron-input/-/iron-input-3.0.0-pre.19.tgz#4bcac205f927495d775a44e628013bb76ff78706"
  dependencies:
    "@polymer/iron-a11y-announcer" "^3.0.0-pre.19"
    "@polymer/iron-validatable-behavior" "^3.0.0-pre.19"
    "@polymer/polymer" "^3.0.0"

"@polymer/iron-jsonp-library@^3.0.0-pre.19":
  version "3.0.0-pre.19"
  resolved "https://registry.yarnpkg.com/@polymer/iron-jsonp-library/-/iron-jsonp-library-3.0.0-pre.19.tgz#5681add4b2d7290dbae8fb7e130e259f44003ef2"
  dependencies:
    "@polymer/polymer" "^3.0.0"

"@polymer/iron-list@^3.0.0-pre.15":
  version "3.0.0-pre.19"
  resolved "https://registry.yarnpkg.com/@polymer/iron-list/-/iron-list-3.0.0-pre.19.tgz#0ba38b663dd3649a9d5e5660af465d2ce9ecaf02"
  dependencies:
    "@polymer/iron-a11y-keys-behavior" "^3.0.0-pre.19"
    "@polymer/iron-resizable-behavior" "^3.0.0-pre.19"
    "@polymer/iron-scroll-target-behavior" "^3.0.0-pre.19"
    "@polymer/polymer" "^3.0.0"

"@polymer/iron-media-query@^3.0.0-pre.15", "@polymer/iron-media-query@^3.0.0-pre.19":
  version "3.0.0-pre.19"
  resolved "https://registry.yarnpkg.com/@polymer/iron-media-query/-/iron-media-query-3.0.0-pre.19.tgz#f98271a879ead7aa6c37f7da6231b38c8f41deca"
  dependencies:
    "@polymer/polymer" "^3.0.0"

"@polymer/iron-menu-behavior@^3.0.0-pre.19":
  version "3.0.0-pre.19"
  resolved "https://registry.yarnpkg.com/@polymer/iron-menu-behavior/-/iron-menu-behavior-3.0.0-pre.19.tgz#16f841d3a4be8df1e502d5d2ca2831b77dd598e4"
  dependencies:
    "@polymer/iron-a11y-keys-behavior" "^3.0.0-pre.19"
    "@polymer/iron-flex-layout" "^3.0.0-pre.19"
    "@polymer/iron-selector" "^3.0.0-pre.19"
    "@polymer/polymer" "^3.0.0"

"@polymer/iron-meta@^3.0.0-pre.19":
  version "3.0.0-pre.19"
  resolved "https://registry.yarnpkg.com/@polymer/iron-meta/-/iron-meta-3.0.0-pre.19.tgz#c4a70c235b87679f3487429ca69e071aacc3d002"
  dependencies:
    "@polymer/polymer" "^3.0.0"

"@polymer/iron-overlay-behavior@^3.0.0-pre.18", "@polymer/iron-overlay-behavior@^3.0.0-pre.19":
  version "3.0.0-pre.19"
  resolved "https://registry.yarnpkg.com/@polymer/iron-overlay-behavior/-/iron-overlay-behavior-3.0.0-pre.19.tgz#0d15e901c30380e93351132be7b6fc35a93a5444"
  dependencies:
    "@polymer/iron-a11y-keys-behavior" "^3.0.0-pre.19"
    "@polymer/iron-fit-behavior" "^3.0.0-pre.19"
    "@polymer/iron-resizable-behavior" "^3.0.0-pre.19"
    "@polymer/polymer" "^3.0.0"

"@polymer/iron-resizable-behavior@^3.0.0-pre.15", "@polymer/iron-resizable-behavior@^3.0.0-pre.19":
  version "3.0.0-pre.19"
  resolved "https://registry.yarnpkg.com/@polymer/iron-resizable-behavior/-/iron-resizable-behavior-3.0.0-pre.19.tgz#f36f4a11c48f07c55f4b0a77a9fb7827edf97fef"
  dependencies:
    "@polymer/polymer" "^3.0.0"

"@polymer/iron-scroll-target-behavior@^3.0.0-pre.19":
  version "3.0.0-pre.19"
  resolved "https://registry.yarnpkg.com/@polymer/iron-scroll-target-behavior/-/iron-scroll-target-behavior-3.0.0-pre.19.tgz#4f13b0bd35257a2a4ba94419cc2f9431cd089789"
  dependencies:
    "@polymer/polymer" "^3.0.0"

"@polymer/iron-selector@^3.0.0-pre.19":
  version "3.0.0-pre.19"
  resolved "https://registry.yarnpkg.com/@polymer/iron-selector/-/iron-selector-3.0.0-pre.19.tgz#254156e1284a68db9f45ace6903e846c042f1242"
  dependencies:
    "@polymer/polymer" "^3.0.0"

"@polymer/iron-validatable-behavior@^3.0.0-pre.19":
  version "3.0.0-pre.19"
  resolved "https://registry.yarnpkg.com/@polymer/iron-validatable-behavior/-/iron-validatable-behavior-3.0.0-pre.19.tgz#2168f83466e85a2caa329f0b9db7060d2de38a7d"
  dependencies:
    "@polymer/iron-meta" "^3.0.0-pre.19"
    "@polymer/polymer" "^3.0.0"

"@polymer/neon-animation@^3.0.0-pre.18", "@polymer/neon-animation@^3.0.0-pre.19":
  version "3.0.0-pre.19"
  resolved "https://registry.yarnpkg.com/@polymer/neon-animation/-/neon-animation-3.0.0-pre.19.tgz#0eae03142eb533988bcbd9056d82ed203a77cd8e"
  dependencies:
    "@polymer/iron-resizable-behavior" "^3.0.0-pre.19"
    "@polymer/iron-selector" "^3.0.0-pre.19"
    "@polymer/polymer" "^3.0.0"

"@polymer/paper-behaviors@^3.0.0-pre.19":
  version "3.0.0-pre.19"
  resolved "https://registry.yarnpkg.com/@polymer/paper-behaviors/-/paper-behaviors-3.0.0-pre.19.tgz#02fdf0accf86f3f3836b82e333776ca5e9eeb25a"
  dependencies:
    "@polymer/iron-behaviors" "^3.0.0-pre.19"
    "@polymer/iron-checked-element-behavior" "^3.0.0-pre.19"
    "@polymer/paper-ripple" "^3.0.0-pre.19"
    "@polymer/polymer" "^3.0.0"

"@polymer/paper-card@^3.0.0-pre.18":
  version "3.0.0-pre.19"
  resolved "https://registry.yarnpkg.com/@polymer/paper-card/-/paper-card-3.0.0-pre.19.tgz#63ddb35fe35da8a52e12841618cf7afba3ad8d24"
  dependencies:
    "@polymer/iron-flex-layout" "^3.0.0-pre.19"
    "@polymer/iron-image" "^3.0.0-pre.19"
    "@polymer/paper-styles" "^3.0.0-pre.19"
    "@polymer/polymer" "^3.0.0"

"@polymer/paper-checkbox@^3.0.0-pre.18":
  version "3.0.0-pre.19"
  resolved "https://registry.yarnpkg.com/@polymer/paper-checkbox/-/paper-checkbox-3.0.0-pre.19.tgz#9472a8dd3289be0fee4b1220d6dd9e031dc9311f"
  dependencies:
    "@polymer/iron-a11y-keys-behavior" "^3.0.0-pre.19"
    "@polymer/iron-checked-element-behavior" "^3.0.0-pre.19"
    "@polymer/paper-behaviors" "^3.0.0-pre.19"
    "@polymer/paper-ripple" "^3.0.0-pre.19"
    "@polymer/paper-styles" "^3.0.0-pre.19"
    "@polymer/polymer" "^3.0.0"

"@polymer/paper-dropdown-menu@^3.0.0-pre.18":
  version "3.0.0-pre.19"
  resolved "https://registry.yarnpkg.com/@polymer/paper-dropdown-menu/-/paper-dropdown-menu-3.0.0-pre.19.tgz#29342cddc6d633d6c3837163d8a5f3fad7b768f3"
  dependencies:
    "@polymer/iron-a11y-keys-behavior" "^3.0.0-pre.19"
    "@polymer/iron-form-element-behavior" "^3.0.0-pre.19"
    "@polymer/iron-icon" "^3.0.0-pre.19"
    "@polymer/iron-iconset-svg" "^3.0.0-pre.19"
    "@polymer/iron-validatable-behavior" "^3.0.0-pre.19"
    "@polymer/paper-behaviors" "^3.0.0-pre.19"
    "@polymer/paper-input" "^3.0.0-pre.19"
    "@polymer/paper-menu-button" "^3.0.0-pre.19"
    "@polymer/paper-ripple" "^3.0.0-pre.19"
    "@polymer/paper-styles" "^3.0.0-pre.19"
    "@polymer/polymer" "^3.0.0"

"@polymer/paper-fab@^3.0.0-pre.18":
  version "3.0.0-pre.19"
  resolved "https://registry.yarnpkg.com/@polymer/paper-fab/-/paper-fab-3.0.0-pre.19.tgz#383e4d70ca1ff3da67c94a293dfa959148205456"
  dependencies:
    "@polymer/iron-flex-layout" "^3.0.0-pre.19"
    "@polymer/iron-icon" "^3.0.0-pre.19"
    "@polymer/paper-behaviors" "^3.0.0-pre.19"
    "@polymer/paper-styles" "^3.0.0-pre.19"
    "@polymer/polymer" "^3.0.0"

"@polymer/paper-input@^3.0.0-pre.18", "@polymer/paper-input@^3.0.0-pre.19":
  version "3.0.0-pre.19"
  resolved "https://registry.yarnpkg.com/@polymer/paper-input/-/paper-input-3.0.0-pre.19.tgz#d7322b6773db71fb1019a217ed9b566abb908030"
  dependencies:
    "@polymer/iron-a11y-keys-behavior" "^3.0.0-pre.19"
    "@polymer/iron-autogrow-textarea" "^3.0.0-pre.19"
    "@polymer/iron-behaviors" "^3.0.0-pre.19"
    "@polymer/iron-form-element-behavior" "^3.0.0-pre.19"
    "@polymer/iron-input" "^3.0.0-pre.19"
    "@polymer/paper-styles" "^3.0.0-pre.19"
    "@polymer/polymer" "^3.0.0"

"@polymer/paper-item@^3.0.0-pre.18":
  version "3.0.0-pre.19"
  resolved "https://registry.yarnpkg.com/@polymer/paper-item/-/paper-item-3.0.0-pre.19.tgz#102618a09c860e87ea994340c19b0af7d239e5bb"
  dependencies:
    "@polymer/iron-behaviors" "^3.0.0-pre.19"
    "@polymer/iron-flex-layout" "^3.0.0-pre.19"
    "@polymer/paper-styles" "^3.0.0-pre.19"
    "@polymer/polymer" "^3.0.0"

"@polymer/paper-listbox@^3.0.0-pre.18":
  version "3.0.0-pre.19"
  resolved "https://registry.yarnpkg.com/@polymer/paper-listbox/-/paper-listbox-3.0.0-pre.19.tgz#5fbd0bdbffb36ce3c4cd9a1a88fc2520aceabb1b"
  dependencies:
    "@polymer/iron-behaviors" "^3.0.0-pre.19"
    "@polymer/iron-menu-behavior" "^3.0.0-pre.19"
    "@polymer/paper-styles" "^3.0.0-pre.19"
    "@polymer/polymer" "^3.0.0"

"@polymer/paper-material@^3.0.0-pre.18":
  version "3.0.0-pre.19"
  resolved "https://registry.yarnpkg.com/@polymer/paper-material/-/paper-material-3.0.0-pre.19.tgz#93cfc099a6f3c4f30615849c81e4965c08262ce0"
  dependencies:
    "@polymer/paper-styles" "^3.0.0-pre.19"
    "@polymer/polymer" "^3.0.0"

"@polymer/paper-menu-button@^3.0.0-pre.19":
  version "3.0.0-pre.19"
  resolved "https://registry.yarnpkg.com/@polymer/paper-menu-button/-/paper-menu-button-3.0.0-pre.19.tgz#92402c4da6fe4fe31295e8de19c71ff39ad2a824"
  dependencies:
    "@polymer/iron-a11y-keys-behavior" "^3.0.0-pre.19"
    "@polymer/iron-behaviors" "^3.0.0-pre.19"
    "@polymer/iron-dropdown" "^3.0.0-pre.19"
    "@polymer/iron-fit-behavior" "^3.0.0-pre.19"
    "@polymer/neon-animation" "^3.0.0-pre.19"
    "@polymer/paper-styles" "^3.0.0-pre.19"
    "@polymer/polymer" "^3.0.0"

"@polymer/paper-radio-button@^3.0.0-pre.18", "@polymer/paper-radio-button@^3.0.0-pre.19":
  version "3.0.0-pre.19"
  resolved "https://registry.yarnpkg.com/@polymer/paper-radio-button/-/paper-radio-button-3.0.0-pre.19.tgz#ccef788806d51a74ac226bf8565de362724b85e7"
  dependencies:
    "@polymer/iron-checked-element-behavior" "^3.0.0-pre.19"
    "@polymer/iron-flex-layout" "^3.0.0-pre.19"
    "@polymer/paper-behaviors" "^3.0.0-pre.19"
    "@polymer/paper-styles" "^3.0.0-pre.19"
    "@polymer/polymer" "^3.0.0"

"@polymer/paper-radio-group@^3.0.0-pre.18":
  version "3.0.0-pre.19"
  resolved "https://registry.yarnpkg.com/@polymer/paper-radio-group/-/paper-radio-group-3.0.0-pre.19.tgz#a9cedd0bded2592dfeeef0d9cda985efadfd8370"
  dependencies:
    "@polymer/iron-a11y-keys-behavior" "^3.0.0-pre.19"
    "@polymer/iron-menu-behavior" "^3.0.0-pre.19"
    "@polymer/paper-radio-button" "^3.0.0-pre.19"
    "@polymer/polymer" "^3.0.0"

"@polymer/paper-ripple@^3.0.0-pre.18", "@polymer/paper-ripple@^3.0.0-pre.19":
  version "3.0.0-pre.19"
  resolved "https://registry.yarnpkg.com/@polymer/paper-ripple/-/paper-ripple-3.0.0-pre.19.tgz#9e72d59d07c954a0e3de70b44a12c66a508b80ee"
  dependencies:
    "@polymer/iron-a11y-keys-behavior" "^3.0.0-pre.19"
    "@polymer/polymer" "^3.0.0"

"@polymer/paper-styles@^3.0.0-pre.19":
  version "3.0.0-pre.19"
  resolved "https://registry.yarnpkg.com/@polymer/paper-styles/-/paper-styles-3.0.0-pre.19.tgz#72ba066b0de9153d835639ebe63ce2afbe5425b0"
  dependencies:
    "@polymer/font-roboto" "^3.0.0-pre.19"
    "@polymer/iron-flex-layout" "^3.0.0-pre.19"
    "@polymer/polymer" "^3.0.0"

"@polymer/paper-tooltip@^3.0.0-pre.18":
  version "3.0.0-pre.19"
  resolved "https://registry.yarnpkg.com/@polymer/paper-tooltip/-/paper-tooltip-3.0.0-pre.19.tgz#c69af83392bbee30da74bd138782fdbabdb8dbd3"
  dependencies:
    "@polymer/paper-styles" "^3.0.0-pre.19"
    "@polymer/polymer" "^3.0.0"

"@polymer/polymer@^3.0.0", "@polymer/polymer@^3.0.0-pre.12", "@polymer/polymer@^3.0.0-pre.13":
  version "3.0.2"
  resolved "https://registry.yarnpkg.com/@polymer/polymer/-/polymer-3.0.2.tgz#626e6f9fae9716b0962ce0211e21df242153eab2"
  dependencies:
    "@webcomponents/shadycss" "^1.2.0"

"@vaadin/vaadin-button@^2.0.0-pre.2":
  version "2.0.0-pre.4"
  resolved "https://registry.yarnpkg.com/@vaadin/vaadin-button/-/vaadin-button-2.0.0-pre.4.tgz#00e364819424be795c5dbf8846c88c635b1c6214"
  dependencies:
    "@polymer/polymer" "^3.0.0"
    "@vaadin/vaadin-control-state-mixin" "^2.0.3-pre.3"
    "@vaadin/vaadin-element-mixin" "^1.0.2-pre.3"
    "@vaadin/vaadin-lumo-styles" "^1.0.0-pre.6"
    "@vaadin/vaadin-themable-mixin" "^1.1.5-pre.3"

"@vaadin/vaadin-combo-box@^4.0.1-pre.2":
  version "4.0.1-pre.2"
  resolved "https://registry.yarnpkg.com/@vaadin/vaadin-combo-box/-/vaadin-combo-box-4.0.1-pre.2.tgz#fa5d64aa1fe3e65cadc6e07cd5f4ae0f43531fa2"
  dependencies:
    "@polymer/iron-a11y-announcer" "^3.0.0-pre.15"
    "@polymer/iron-a11y-keys-behavior" "^3.0.0-pre.15"
    "@polymer/iron-list" "^3.0.0-pre.15"
    "@polymer/iron-resizable-behavior" "^3.0.0-pre.15"
    "@polymer/polymer" "^3.0.0-pre.13"
    "@vaadin/vaadin-control-state-mixin" "^2.0.3-pre.2"
    "@vaadin/vaadin-element-mixin" "^1.0.2-pre.2"
    "@vaadin/vaadin-item" "^2.0.0-pre.2"
    "@vaadin/vaadin-lumo-styles" "^1.0.0-pre.4"
    "@vaadin/vaadin-overlay" "^3.0.2-pre.1"
    "@vaadin/vaadin-text-field" "^2.0.1-pre.1"
    "@vaadin/vaadin-themable-mixin" "^1.1.5-pre.2"

"@vaadin/vaadin-control-state-mixin@^2.0.3-pre.2", "@vaadin/vaadin-control-state-mixin@^2.0.3-pre.3":
  version "2.0.3-pre.4"
  resolved "https://registry.yarnpkg.com/@vaadin/vaadin-control-state-mixin/-/vaadin-control-state-mixin-2.0.3-pre.4.tgz#c04f7eb0456ef2b986a80bb12a486537ae5cbe96"
  dependencies:
    "@polymer/polymer" "^3.0.0"

"@vaadin/vaadin-date-picker@^3.0.0-pre.3":
  version "3.0.0-pre.3"
  resolved "https://registry.yarnpkg.com/@vaadin/vaadin-date-picker/-/vaadin-date-picker-3.0.0-pre.3.tgz#b51438fdf2ea55ae03a77b64eb90f3032bff7392"
  dependencies:
    "@polymer/iron-a11y-announcer" "^3.0.0-pre.15"
    "@polymer/iron-a11y-keys-behavior" "^3.0.0-pre.15"
    "@polymer/iron-media-query" "^3.0.0-pre.15"
    "@polymer/iron-resizable-behavior" "^3.0.0-pre.15"
    "@polymer/polymer" "^3.0.0-pre.13"
    "@vaadin/vaadin-button" "^2.0.0-pre.2"
    "@vaadin/vaadin-control-state-mixin" "^2.0.3-pre.2"
    "@vaadin/vaadin-element-mixin" "^1.0.2-pre.2"
    "@vaadin/vaadin-lumo-styles" "^1.0.0-pre.4"
    "@vaadin/vaadin-overlay" "^3.0.2-pre.1"
    "@vaadin/vaadin-text-field" "^2.0.1-pre.1"
    "@vaadin/vaadin-themable-mixin" "^1.1.5-pre.2"

"@vaadin/vaadin-development-mode-detector@^1.0.3-pre.1", "@vaadin/vaadin-development-mode-detector@^1.0.3-pre.4":
  version "1.0.3-pre.6"
  resolved "https://registry.yarnpkg.com/@vaadin/vaadin-development-mode-detector/-/vaadin-development-mode-detector-1.0.3-pre.6.tgz#dacef182161d0d3db98df20c498a41ae6a5a2741"
  dependencies:
    "@polymer/polymer" "^3.0.0-pre.13"

"@vaadin/vaadin-element-mixin@^1.0.2-pre.2", "@vaadin/vaadin-element-mixin@^1.0.2-pre.3":
  version "1.0.2-pre.3"
  resolved "https://registry.yarnpkg.com/@vaadin/vaadin-element-mixin/-/vaadin-element-mixin-1.0.2-pre.3.tgz#3f8f158f913db19e747288c8852af51b72e9df39"
  dependencies:
    "@polymer/polymer" "^3.0.0-pre.13"
    "@vaadin/vaadin-development-mode-detector" "^1.0.3-pre.4"
    "@vaadin/vaadin-usage-statistics" "^1.0.6-pre.2"

"@vaadin/vaadin-item@^2.0.0-pre.2":
  version "2.0.0-pre.4"
  resolved "https://registry.yarnpkg.com/@vaadin/vaadin-item/-/vaadin-item-2.0.0-pre.4.tgz#054985eb7e41733a0b79b506080367bb8e2fc4c5"
  dependencies:
    "@polymer/polymer" "^3.0.0"
    "@vaadin/vaadin-lumo-styles" "^1.0.0-pre.6"
    "@vaadin/vaadin-themable-mixin" "^1.1.5-pre.3"

"@vaadin/vaadin-lumo-styles@^1.0.0-pre.4", "@vaadin/vaadin-lumo-styles@^1.0.0-pre.6":
  version "1.0.0-pre.6"
  resolved "https://registry.yarnpkg.com/@vaadin/vaadin-lumo-styles/-/vaadin-lumo-styles-1.0.0-pre.6.tgz#a9407f24151c6ccd1e6cba54716f735713841bcf"
  dependencies:
    "@polymer/iron-icon" "^3.0.0-pre.15"
    "@polymer/iron-iconset-svg" "^3.0.0-pre.15"
    "@polymer/polymer" "^3.0.0-pre.13"

"@vaadin/vaadin-material-styles@git://github.com/paulreimer/vaadin-material-styles#3.x":
  version "0.3.0"
  resolved "git://github.com/paulreimer/vaadin-material-styles#f634da8647b6bcf7a3fa7caaa2dda9a2e47b8d43"
  dependencies:
    "@polymer/polymer" "^3.0.0"

"@vaadin/vaadin-overlay@^3.0.2-pre.1":
  version "3.0.2-pre.3"
  resolved "https://registry.yarnpkg.com/@vaadin/vaadin-overlay/-/vaadin-overlay-3.0.2-pre.3.tgz#65a73c47d230107820b06400c29b1a9700837328"
  dependencies:
    "@polymer/iron-overlay-behavior" "^3.0.0-pre.18"
    "@polymer/polymer" "^3.0.0"
    "@vaadin/vaadin-lumo-styles" "^1.0.0-pre.6"
    "@vaadin/vaadin-themable-mixin" "^1.1.5-pre.3"

"@vaadin/vaadin-text-field@^2.0.1-pre.1":
  version "2.0.1-pre.2"
  resolved "https://registry.yarnpkg.com/@vaadin/vaadin-text-field/-/vaadin-text-field-2.0.1-pre.2.tgz#8cd80226f0b6a4a8177e1456fa9969a214ed58df"
  dependencies:
    "@polymer/polymer" "^3.0.0-pre.13"
    "@vaadin/vaadin-control-state-mixin" "^2.0.3-pre.2"
    "@vaadin/vaadin-element-mixin" "^1.0.2-pre.2"
    "@vaadin/vaadin-lumo-styles" "^1.0.0-pre.4"
    "@vaadin/vaadin-themable-mixin" "^1.1.5-pre.2"

"@vaadin/vaadin-themable-mixin@^1.1.5-pre.2", "@vaadin/vaadin-themable-mixin@^1.1.5-pre.3":
  version "1.1.5-pre.4"
  resolved "https://registry.yarnpkg.com/@vaadin/vaadin-themable-mixin/-/vaadin-themable-mixin-1.1.5-pre.4.tgz#625f8ee2f4860180e242ac3391f88e9959dbcf0d"
  dependencies:
    "@polymer/polymer" "^3.0.0"

"@vaadin/vaadin-usage-statistics@^1.0.6-pre.2":
  version "1.0.6-pre.2"
  resolved "https://registry.yarnpkg.com/@vaadin/vaadin-usage-statistics/-/vaadin-usage-statistics-1.0.6-pre.2.tgz#ef2d7fe40459275d71558ff59098851b1ea9918e"
  dependencies:
    "@polymer/polymer" "^3.0.0-pre.12"
    "@vaadin/vaadin-development-mode-detector" "^1.0.3-pre.1"

"@webcomponents/shadycss@^1.2.0":
  version "1.3.0"
  resolved "https://registry.yarnpkg.com/@webcomponents/shadycss/-/shadycss-1.3.0.tgz#de0054c2e7024a2e8b607507fc383d5f4b91344d"

"@webcomponents/webcomponentsjs@2.0.0-beta.2":
  version "2.0.0-beta.2"
  resolved "https://registry.yarnpkg.com/@webcomponents/webcomponentsjs/-/webcomponentsjs-2.0.0-beta.2.tgz#d9844a0bcfc5feeae94a71f45e33e32b1bd29c19"

"@webcomponents/webcomponentsjs@^2.0.0":
  version "2.0.0"
  resolved "https://registry.yarnpkg.com/@webcomponents/webcomponentsjs/-/webcomponentsjs-2.0.0.tgz#166e7489b9ce66f5c082a3360120cb27505f762f"

"google-apis@git://github.com/GoogleWebComponents/google-apis.git#3.x":
  version "3.0.0"
  resolved "git://github.com/GoogleWebComponents/google-apis.git#dd3f3b9acb0e0460ba63d0dc75cdcf9ca5ca55f9"
  dependencies:
    "@polymer/iron-jsonp-library" "^3.0.0-pre.19"
    "@polymer/polymer" "^3.0.0"

"google-chart@git://github.com/paulreimer/google-chart.git#3.x":
  version "3.0.0"
  resolved "git://github.com/paulreimer/google-chart.git#1d564fd3f7c6e08858b108f2ba63f603b1fe6de0"
  dependencies:
    "@polymer/iron-ajax" "^3.0.0-pre.18"
    "@polymer/polymer" "^3.0.0"

"google-signin@git://github.com/paulreimer/google-signin.git#3.x":
  version "3.0.0"
  resolved "git://github.com/paulreimer/google-signin.git#9ef3a6cbc9f57a5a8a198383d0abf4fe8446ac33"
  dependencies:
    "@polymer/font-roboto" "^3.0.0-pre.18"
    "@polymer/iron-flex-layout" "^3.0.0-pre.18"
    "@polymer/iron-icon" "^3.0.0-pre.18"
    "@polymer/iron-iconset-svg" "^3.0.0-pre.18"
    "@polymer/paper-material" "^3.0.0-pre.18"
    "@polymer/paper-ripple" "^3.0.0-pre.18"
    "@polymer/polymer" "^3.0.0"

has-flag@^1.0.0:
  version "1.0.0"
  resolved "https://registry.yarnpkg.com/has-flag/-/has-flag-1.0.0.tgz#9d9e793165ce017a00f00418c43f942a7b1d11fa"

inherits@2.0.3:
  version "2.0.3"
  resolved "https://registry.yarnpkg.com/inherits/-/inherits-2.0.3.tgz#633c2c83e3da42a502f52466022480f4208261de"

samsam@1.1.3:
  version "1.1.3"
  resolved "https://registry.yarnpkg.com/samsam/-/samsam-1.1.3.tgz#9f5087419b4d091f232571e7fa52e90b0f552621"

supports-color@3.1.2:
  version "3.1.2"
  resolved "https://registry.yarnpkg.com/supports-color/-/supports-color-3.1.2.tgz#72a262894d9d408b956ca05ff37b2ed8a6e2a2d5"
  dependencies:
    has-flag "^1.0.0"

type-detect@1.0.0:
  version "1.0.0"
  resolved "https://registry.yarnpkg.com/type-detect/-/type-detect-1.0.0.tgz#762217cc06db258ec48908a1298e8b95121e8ea2"

web-animations-js@^2.3.1:
  version "2.3.1"
  resolved "https://registry.yarnpkg.com/web-animations-js/-/web-animations-js-2.3.1.tgz#3a6d9bc15196377a90f8e2803fa5262165b04510"
